{
  "originHash" : "af8bb978d113e9573c980efb5fff904638e412c32e6b57fe3c671e1786e44472",
  "pins" : [
    {
      "identity" : "wwnetworking",
      "kind" : "remoteSourceControl",
      "location" : "https://github.com/William-Weng/WWNetworking",
      "state" : {
        "revision" : "77b572ec57cddb9c24dfb42c4bfa56fda98269ac",
        "version" : "1.7.6"
      }
    },
    {
      "identity" : "wwsigninwith3rd_apple",
      "kind" : "remoteSourceControl",
      "location" : "https://github.com/William-Weng/WWSignInWith3rd_Apple",
      "state" : {
        "revision" : "7dbe9e69a4a245aed69412cd918b8fca1dc9b024",
        "version" : "1.1.3"
      }
    }
  ],
  "version" : 3
}
