{
  "originHash" : "3597c5ca90436aa0fd05933d1ae5d3e9db0a538a4996c54ef87c504473032e4a",
  "pins" : [
    {
      "identity" : "wwnetworking",
      "kind" : "remoteSourceControl",
      "location" : "https://github.com/William-Weng/WWNetworking",
      "state" : {
        "revision" : "77b572ec57cddb9c24dfb42c4bfa56fda98269ac",
        "version" : "1.7.6"
      }
    },
    {
      "identity" : "wwsigninwith3rd_apple",
      "kind" : "remoteSourceControl",
      "location" : "https://github.com/William-Weng/WWSignInWith3rd_Apple",
      "state" : {
        "revision" : "70378fd27b11179e59f877ac21dbbc890987deae",
        "version" : "1.1.4"
      }
    },
    {
      "identity" : "wwsigninwith3rd_discord",
      "kind" : "remoteSourceControl",
      "location" : "https://github.com/William-Weng/WWSignInWith3rd_Discord",
      "state" : {
        "revision" : "444b94261f438498b74ae8b4e500b08fa466f900",
        "version" : "1.0.0"
      }
    }
  ],
  "version" : 3
}
